{
  "meteor": {},
  "dependencies": {
    "basePackages": {
      "iron-router": {
        "git": "https://github.com/EventedMind/iron-router.git",
        "branch": "blaze-integration"
      },
      "blaze-layout": {
        "git": "https://github.com/EventedMind/blaze-layout.git",
        "branch": "devel"
      },
      "jade": {},
      "autoform": {
        "git": "https://github.com/aldeed/meteor-autoform.git",
        "branch": "ui"
      },
      "underscore-string-latest": {}
    },
    "packages": {
      "iron-router": {
        "git": "https://github.com/EventedMind/iron-router.git",
        "branch": "blaze-integration",
        "commit": "3a26902a3a0b4b3b28667727d407344ddc2fa803"
      },
      "blaze-layout": {
        "git": "https://github.com/EventedMind/blaze-layout.git",
        "branch": "devel",
        "commit": "91f3948edac11c28328630c6a7ab769d34fb35a0"
      },
      "jade": {
        "git": "https://github.com/mquandalle/meteor-jade",
        "tag": "v0.1.2",
        "commit": "170dcac4033aa3f25175a693283658edcbb345fc"
      },
      "autoform": {
        "git": "https://github.com/aldeed/meteor-autoform.git",
        "branch": "ui",
        "commit": "92c535a6c92bd364b8a41b88bc34c490e42a7674"
      },
      "underscore-string-latest": {
        "git": "https://github.com/TimHeckel/meteor-underscore-string.git",
        "tag": "v2.3.3",
        "commit": "4a5d70eee48fbd90a6e6fc78747250d704a0b3bb"
      },
      "simple-schema": {
        "git": "https://github.com/aldeed/meteor-simple-schema.git",
        "tag": "v0.2.38",
        "commit": "2deec0041fc6cb2666df8cd6a51914e499e95683"
      },
      "moment": {
        "git": "https://github.com/acreeger/meteor-moment.git",
        "tag": "v2.5.1",
        "commit": "8c9bc5d3fc96705057737cb9743d555417f6e551"
      }
    }
  }
}
