{
  "meteor": {},
  "dependencies": {
    "basePackages": {
      "iron-router": {
        "git": "https://github.com/EventedMind/iron-router.git",
        "branch": "cmather"
      },
      "jade": {},
      "autoform": {
        "git": "https://github.com/aldeed/meteor-autoform.git",
        "branch": "ui"
      },
      "underscore-string-latest": {}
    },
    "packages": {
      "iron-router": {
        "git": "https://github.com/EventedMind/iron-router.git",
        "branch": "cmather",
        "commit": "d1590b2b2e6096670c3dda8b4724229d7e58a37b"
      },
      "jade": {
        "git": "https://github.com/mquandalle/meteor-jade",
        "tag": "v0.1.1",
        "commit": "2c55c3d4bc36dfc67bd9605c97e5e60003da9693"
      },
      "autoform": {
        "git": "https://github.com/aldeed/meteor-autoform.git",
        "branch": "ui",
        "commit": "464b635c525d173d0dffaaaa4c91d5457bfd7a65"
      },
      "underscore-string-latest": {
        "git": "https://github.com/TimHeckel/meteor-underscore-string.git",
        "tag": "v2.3.3",
        "commit": "4a5d70eee48fbd90a6e6fc78747250d704a0b3bb"
      },
      "simple-schema": {
        "git": "https://github.com/aldeed/meteor-simple-schema.git",
        "tag": "v0.2.34",
        "commit": "d66e63a8e316f978120773ce3f92c7d82fb15f2d"
      },
      "moment": {
        "git": "https://github.com/acreeger/meteor-moment.git",
        "tag": "v2.5.1",
        "commit": "8c9bc5d3fc96705057737cb9743d555417f6e551"
      }
    }
  }
}
